// !$*UTF8*$!
{
	archiveVersion = 1;
	classes = {
	};
	objectVersion = 50;
	objects = {

/* Begin PBXBuildFile section */
		9B256F392354E09200565AFC /* Launch.storyboard in Resources */ = {isa = PBXBuildFile; fileRef = 9B256F382354E09200565AFC /* Launch.storyboard */; };
		9B76925F2368D9850075667C /* DocumentReader.framework in Frameworks */ = {isa = PBXBuildFile; fileRef = 9B76925B2368D9850075667C /* DocumentReader.framework */; };
		9B7692602368D9850075667C /* DocumentReader.framework in Embed Frameworks */ = {isa = PBXBuildFile; fileRef = 9B76925B2368D9850075667C /* DocumentReader.framework */; settings = {ATTRIBUTES = (CodeSignOnCopy, RemoveHeadersOnCopy, ); }; };
		9B7692612368D9850075667C /* XLPagerTabStrip.framework in Frameworks */ = {isa = PBXBuildFile; fileRef = 9B76925C2368D9850075667C /* XLPagerTabStrip.framework */; };
		9B7692622368D9850075667C /* XLPagerTabStrip.framework in Embed Frameworks */ = {isa = PBXBuildFile; fileRef = 9B76925C2368D9850075667C /* XLPagerTabStrip.framework */; settings = {ATTRIBUTES = (CodeSignOnCopy, RemoveHeadersOnCopy, ); }; };
		9B7692632368D9850075667C /* DocumentReaderCore.framework in Frameworks */ = {isa = PBXBuildFile; fileRef = 9B76925D2368D9850075667C /* DocumentReaderCore.framework */; };
		9B7692642368D9850075667C /* DocumentReaderCore.framework in Embed Frameworks */ = {isa = PBXBuildFile; fileRef = 9B76925D2368D9850075667C /* DocumentReaderCore.framework */; settings = {ATTRIBUTES = (CodeSignOnCopy, RemoveHeadersOnCopy, ); }; };
		9B7692652368D9850075667C /* FaceLiveness.framework in Frameworks */ = {isa = PBXBuildFile; fileRef = 9B76925E2368D9850075667C /* FaceLiveness.framework */; };
		9B7692662368D9850075667C /* FaceLiveness.framework in Embed Frameworks */ = {isa = PBXBuildFile; fileRef = 9B76925E2368D9850075667C /* FaceLiveness.framework */; settings = {ATTRIBUTES = (CodeSignOnCopy, RemoveHeadersOnCopy, ); }; };
		9B7692682368D98E0075667C /* PassiveFaceLivenessSDK.framework in Frameworks */ = {isa = PBXBuildFile; fileRef = 9B7692672368D98E0075667C /* PassiveFaceLivenessSDK.framework */; };
		9B7692692368D98E0075667C /* PassiveFaceLivenessSDK.framework in Embed Frameworks */ = {isa = PBXBuildFile; fileRef = 9B7692672368D98E0075667C /* PassiveFaceLivenessSDK.framework */; settings = {ATTRIBUTES = (CodeSignOnCopy, RemoveHeadersOnCopy, ); }; };
		9B9FD2CA235B7094004BA90D /* CommonUtils.swift in Sources */ = {isa = PBXBuildFile; fileRef = 9B9FD2C9235B7094004BA90D /* CommonUtils.swift */; };
		9B9FD2CC235B70AF004BA90D /* AuthenticationConnectionHandler.swift in Sources */ = {isa = PBXBuildFile; fileRef = 9B9FD2CB235B70AF004BA90D /* AuthenticationConnectionHandler.swift */; };
		9B9FD2CE235B70C1004BA90D /* CommonConstants.swift in Sources */ = {isa = PBXBuildFile; fileRef = 9B9FD2CD235B70C1004BA90D /* CommonConstants.swift */; };
		9B9FD2DF235B70E3004BA90D /* FieldComparisonResult.swift in Sources */ = {isa = PBXBuildFile; fileRef = 9B9FD2CF235B70DA004BA90D /* FieldComparisonResult.swift */; };
		9B9FD2E0235B70E3004BA90D /* BiospMessage.swift in Sources */ = {isa = PBXBuildFile; fileRef = 9B9FD2D0235B70DA004BA90D /* BiospMessage.swift */; };
		9B9FD2E1235B70E3004BA90D /* FieldValidationResult.swift in Sources */ = {isa = PBXBuildFile; fileRef = 9B9FD2D1235B70DB004BA90D /* FieldValidationResult.swift */; };
		9B9FD2E2235B70E3004BA90D /* BiometricsAuthenticationResult.swift in Sources */ = {isa = PBXBuildFile; fileRef = 9B9FD2D2235B70DC004BA90D /* BiometricsAuthenticationResult.swift */; };
		9B9FD2E3235B70E3004BA90D /* FacialImage.swift in Sources */ = {isa = PBXBuildFile; fileRef = 9B9FD2D3235B70DC004BA90D /* FacialImage.swift */; };
		9B9FD2E4235B70E3004BA90D /* BiometricsInfo.swift in Sources */ = {isa = PBXBuildFile; fileRef = 9B9FD2D4235B70DD004BA90D /* BiometricsInfo.swift */; };
		9B9FD2E5235B70E3004BA90D /* FieldResult.swift in Sources */ = {isa = PBXBuildFile; fileRef = 9B9FD2D5235B70DD004BA90D /* FieldResult.swift */; };
		9B9FD2E6235B70E3004BA90D /* AuthenticationResult.swift in Sources */ = {isa = PBXBuildFile; fileRef = 9B9FD2D6235B70DE004BA90D /* AuthenticationResult.swift */; };
		9B9FD2E7235B70E3004BA90D /* DocumentAuthenticationResult.swift in Sources */ = {isa = PBXBuildFile; fileRef = 9B9FD2D7235B70DF004BA90D /* DocumentAuthenticationResult.swift */; };
		9B9FD2E8235B70E3004BA90D /* DocumentAuthenticationResponse.swift in Sources */ = {isa = PBXBuildFile; fileRef = 9B9FD2D8235B70DF004BA90D /* DocumentAuthenticationResponse.swift */; };
		9B9FD2E9235B70E3004BA90D /* FieldType.swift in Sources */ = {isa = PBXBuildFile; fileRef = 9B9FD2D9235B70E0004BA90D /* FieldType.swift */; };
		9B9FD2EA235B70E3004BA90D /* Modality.swift in Sources */ = {isa = PBXBuildFile; fileRef = 9B9FD2DA235B70E1004BA90D /* Modality.swift */; };
		9B9FD2EB235B70E3004BA90D /* DocumentImage.swift in Sources */ = {isa = PBXBuildFile; fileRef = 9B9FD2DB235B70E1004BA90D /* DocumentImage.swift */; };
		9B9FD2EC235B70E3004BA90D /* DocumentsInfo.swift in Sources */ = {isa = PBXBuildFile; fileRef = 9B9FD2DC235B70E2004BA90D /* DocumentsInfo.swift */; };
		9B9FD2ED235B70E3004BA90D /* DocumentAuthenticationRequest.swift in Sources */ = {isa = PBXBuildFile; fileRef = 9B9FD2DD235B70E3004BA90D /* DocumentAuthenticationRequest.swift */; };
		9B9FD2EE235B70E3004BA90D /* DocAndBiometricsCapturedMessage.swift in Sources */ = {isa = PBXBuildFile; fileRef = 9B9FD2DE235B70E3004BA90D /* DocAndBiometricsCapturedMessage.swift */; };
		9B9FD2F0235B732C004BA90D /* Main.storyboard in Resources */ = {isa = PBXBuildFile; fileRef = 9B9FD2EF235B732C004BA90D /* Main.storyboard */; };
		9BDD87062369D4E100AE3903 /* titleLogo.png in Resources */ = {isa = PBXBuildFile; fileRef = 9BDD87052369D4E100AE3903 /* titleLogo.png */; };
		9BDD87082369E38300AE3903 /* CountDownViewController.swift in Sources */ = {isa = PBXBuildFile; fileRef = 9BDD87072369E38300AE3903 /* CountDownViewController.swift */; };
		9BDD870A2369FD2700AE3903 /* DocConfirmViewController.swift in Sources */ = {isa = PBXBuildFile; fileRef = 9BDD87092369FD2700AE3903 /* DocConfirmViewController.swift */; };
		9BE456E62368ABD4004093A7 /* screenLogo.png in Resources */ = {isa = PBXBuildFile; fileRef = 9BE456E52368ABD3004093A7 /* screenLogo.png */; };
		CF307AB221ED385B000DB286 /* regula.license in Resources */ = {isa = PBXBuildFile; fileRef = CF307AB121ED385B000DB286 /* regula.license */; };
		CF307AC421EFD4BD000DB286 /* ResultViewController.swift in Sources */ = {isa = PBXBuildFile; fileRef = CF307AC321EFD4BD000DB286 /* ResultViewController.swift */; };
		CF307AE121EFFFAF000DB286 /* ResultSummaryViewController.swift in Sources */ = {isa = PBXBuildFile; fileRef = CF307AE021EFFFAF000DB286 /* ResultSummaryViewController.swift */; };
		CF307B5921F25259000DB286 /* ResultTextDataViewController.swift in Sources */ = {isa = PBXBuildFile; fileRef = CF307B5821F25259000DB286 /* ResultTextDataViewController.swift */; };
		CF307B5E21F25773000DB286 /* ResultContainerViewController.swift in Sources */ = {isa = PBXBuildFile; fileRef = CF307B5D21F25773000DB286 /* ResultContainerViewController.swift */; };
		CFEBF17021750D6A00646823 /* AppDelegate.swift in Sources */ = {isa = PBXBuildFile; fileRef = CFEBF16F21750D6A00646823 /* AppDelegate.swift */; };
		CFEBF17221750D6B00646823 /* DocReaderMainViewController.swift in Sources */ = {isa = PBXBuildFile; fileRef = CFEBF17121750D6B00646823 /* DocReaderMainViewController.swift */; };
		CFEBF17721750D9300646823 /* Assets.xcassets in Resources */ = {isa = PBXBuildFile; fileRef = CFEBF17621750D9300646823 /* Assets.xcassets */; };
		CFF0AE7222384C9E00D32982 /* DocReaderDispatchViewController.swift in Sources */ = {isa = PBXBuildFile; fileRef = CFF0AE6C22384C9E00D32982 /* DocReaderDispatchViewController.swift */; };
		CFF0AE7422384C9E00D32982 /* DocReaderViewController.xib in Resources */ = {isa = PBXBuildFile; fileRef = CFF0AE6E22384C9E00D32982 /* DocReaderViewController.xib */; };
		CFF0AE7622384C9E00D32982 /* DocReaderViewController.swift in Sources */ = {isa = PBXBuildFile; fileRef = CFF0AE7022384C9E00D32982 /* DocReaderViewController.swift */; };
		CFF0AE80223869B400D32982 /* PassiveFaceLivenessManagerViewController.swift in Sources */ = {isa = PBXBuildFile; fileRef = CFF0AE7D223869B400D32982 /* PassiveFaceLivenessManagerViewController.swift */; };
		CFF0AE852239537100D32982 /* PassiveFaceLivenessHelpers.swift in Sources */ = {isa = PBXBuildFile; fileRef = CFF0AE842239537100D32982 /* PassiveFaceLivenessHelpers.swift */; };
		E9FE9B4A21F6250D002AD5D3 /* DocumentFieldTypeCellTableViewCell.swift in Sources */ = {isa = PBXBuildFile; fileRef = E9FE9B4921F6250D002AD5D3 /* DocumentFieldTypeCellTableViewCell.swift */; };
/* End PBXBuildFile section */

/* Begin PBXCopyFilesBuildPhase section */
		9B76924B2368D8510075667C /* Embed Frameworks */ = {
			isa = PBXCopyFilesBuildPhase;
			buildActionMask = 2147483647;
			dstPath = "";
			dstSubfolderSpec = 10;
			files = (
				9B7692692368D98E0075667C /* PassiveFaceLivenessSDK.framework in Embed Frameworks */,
				9B7692642368D9850075667C /* DocumentReaderCore.framework in Embed Frameworks */,
				9B7692602368D9850075667C /* DocumentReader.framework in Embed Frameworks */,
				9B7692662368D9850075667C /* FaceLiveness.framework in Embed Frameworks */,
				9B7692622368D9850075667C /* XLPagerTabStrip.framework in Embed Frameworks */,
			);
			name = "Embed Frameworks";
			runOnlyForDeploymentPostprocessing = 0;
		};
/* End PBXCopyFilesBuildPhase section */

/* Begin PBXFileReference section */
		9B256F382354E09200565AFC /* Launch.storyboard */ = {isa = PBXFileReference; lastKnownFileType = file.storyboard; path = Launch.storyboard; sourceTree = "<group>"; };
		9B76925B2368D9850075667C /* DocumentReader.framework */ = {isa = PBXFileReference; lastKnownFileType = wrapper.framework; name = DocumentReader.framework; path = frameworks/DocumentReader.framework; sourceTree = "<group>"; };
		9B76925C2368D9850075667C /* XLPagerTabStrip.framework */ = {isa = PBXFileReference; lastKnownFileType = wrapper.framework; name = XLPagerTabStrip.framework; path = frameworks/XLPagerTabStrip.framework; sourceTree = "<group>"; };
		9B76925D2368D9850075667C /* DocumentReaderCore.framework */ = {isa = PBXFileReference; lastKnownFileType = wrapper.framework; name = DocumentReaderCore.framework; path = frameworks/DocumentReaderCore.framework; sourceTree = "<group>"; };
		9B76925E2368D9850075667C /* FaceLiveness.framework */ = {isa = PBXFileReference; lastKnownFileType = wrapper.framework; name = FaceLiveness.framework; path = frameworks/FaceLiveness.framework; sourceTree = "<group>"; };
		9B7692672368D98E0075667C /* PassiveFaceLivenessSDK.framework */ = {isa = PBXFileReference; explicitFileType = wrapper.framework; path = PassiveFaceLivenessSDK.framework; sourceTree = BUILT_PRODUCTS_DIR; };
		9B9FD2C9235B7094004BA90D /* CommonUtils.swift */ = {isa = PBXFileReference; fileEncoding = 4; lastKnownFileType = sourcecode.swift; path = CommonUtils.swift; sourceTree = "<group>"; };
		9B9FD2CB235B70AF004BA90D /* AuthenticationConnectionHandler.swift */ = {isa = PBXFileReference; fileEncoding = 4; lastKnownFileType = sourcecode.swift; path = AuthenticationConnectionHandler.swift; sourceTree = "<group>"; };
		9B9FD2CD235B70C1004BA90D /* CommonConstants.swift */ = {isa = PBXFileReference; fileEncoding = 4; lastKnownFileType = sourcecode.swift; path = CommonConstants.swift; sourceTree = "<group>"; };
		9B9FD2CF235B70DA004BA90D /* FieldComparisonResult.swift */ = {isa = PBXFileReference; fileEncoding = 4; lastKnownFileType = sourcecode.swift; path = FieldComparisonResult.swift; sourceTree = "<group>"; };
		9B9FD2D0235B70DA004BA90D /* BiospMessage.swift */ = {isa = PBXFileReference; fileEncoding = 4; lastKnownFileType = sourcecode.swift; path = BiospMessage.swift; sourceTree = "<group>"; };
		9B9FD2D1235B70DB004BA90D /* FieldValidationResult.swift */ = {isa = PBXFileReference; fileEncoding = 4; lastKnownFileType = sourcecode.swift; path = FieldValidationResult.swift; sourceTree = "<group>"; };
		9B9FD2D2235B70DC004BA90D /* BiometricsAuthenticationResult.swift */ = {isa = PBXFileReference; fileEncoding = 4; lastKnownFileType = sourcecode.swift; path = BiometricsAuthenticationResult.swift; sourceTree = "<group>"; };
		9B9FD2D3235B70DC004BA90D /* FacialImage.swift */ = {isa = PBXFileReference; fileEncoding = 4; lastKnownFileType = sourcecode.swift; path = FacialImage.swift; sourceTree = "<group>"; };
		9B9FD2D4235B70DD004BA90D /* BiometricsInfo.swift */ = {isa = PBXFileReference; fileEncoding = 4; lastKnownFileType = sourcecode.swift; path = BiometricsInfo.swift; sourceTree = "<group>"; };
		9B9FD2D5235B70DD004BA90D /* FieldResult.swift */ = {isa = PBXFileReference; fileEncoding = 4; lastKnownFileType = sourcecode.swift; path = FieldResult.swift; sourceTree = "<group>"; };
		9B9FD2D6235B70DE004BA90D /* AuthenticationResult.swift */ = {isa = PBXFileReference; fileEncoding = 4; lastKnownFileType = sourcecode.swift; path = AuthenticationResult.swift; sourceTree = "<group>"; };
		9B9FD2D7235B70DF004BA90D /* DocumentAuthenticationResult.swift */ = {isa = PBXFileReference; fileEncoding = 4; lastKnownFileType = sourcecode.swift; path = DocumentAuthenticationResult.swift; sourceTree = "<group>"; };
		9B9FD2D8235B70DF004BA90D /* DocumentAuthenticationResponse.swift */ = {isa = PBXFileReference; fileEncoding = 4; lastKnownFileType = sourcecode.swift; path = DocumentAuthenticationResponse.swift; sourceTree = "<group>"; };
		9B9FD2D9235B70E0004BA90D /* FieldType.swift */ = {isa = PBXFileReference; fileEncoding = 4; lastKnownFileType = sourcecode.swift; path = FieldType.swift; sourceTree = "<group>"; };
		9B9FD2DA235B70E1004BA90D /* Modality.swift */ = {isa = PBXFileReference; fileEncoding = 4; lastKnownFileType = sourcecode.swift; path = Modality.swift; sourceTree = "<group>"; };
		9B9FD2DB235B70E1004BA90D /* DocumentImage.swift */ = {isa = PBXFileReference; fileEncoding = 4; lastKnownFileType = sourcecode.swift; path = DocumentImage.swift; sourceTree = "<group>"; };
		9B9FD2DC235B70E2004BA90D /* DocumentsInfo.swift */ = {isa = PBXFileReference; fileEncoding = 4; lastKnownFileType = sourcecode.swift; path = DocumentsInfo.swift; sourceTree = "<group>"; };
		9B9FD2DD235B70E3004BA90D /* DocumentAuthenticationRequest.swift */ = {isa = PBXFileReference; fileEncoding = 4; lastKnownFileType = sourcecode.swift; path = DocumentAuthenticationRequest.swift; sourceTree = "<group>"; };
		9B9FD2DE235B70E3004BA90D /* DocAndBiometricsCapturedMessage.swift */ = {isa = PBXFileReference; fileEncoding = 4; lastKnownFileType = sourcecode.swift; path = DocAndBiometricsCapturedMessage.swift; sourceTree = "<group>"; };
		9B9FD2EF235B732C004BA90D /* Main.storyboard */ = {isa = PBXFileReference; fileEncoding = 4; lastKnownFileType = file.storyboard; path = Main.storyboard; sourceTree = "<group>"; };
		9BDD87052369D4E100AE3903 /* titleLogo.png */ = {isa = PBXFileReference; lastKnownFileType = image.png; path = titleLogo.png; sourceTree = "<group>"; };
		9BDD87072369E38300AE3903 /* CountDownViewController.swift */ = {isa = PBXFileReference; lastKnownFileType = sourcecode.swift; path = CountDownViewController.swift; sourceTree = "<group>"; };
		9BDD87092369FD2700AE3903 /* DocConfirmViewController.swift */ = {isa = PBXFileReference; lastKnownFileType = sourcecode.swift; path = DocConfirmViewController.swift; sourceTree = "<group>"; };
		9BE456E52368ABD3004093A7 /* screenLogo.png */ = {isa = PBXFileReference; lastKnownFileType = image.png; path = screenLogo.png; sourceTree = "<group>"; };
		CF307AB121ED385B000DB286 /* regula.license */ = {isa = PBXFileReference; lastKnownFileType = file; path = regula.license; sourceTree = "<group>"; };
		CF307AC321EFD4BD000DB286 /* ResultViewController.swift */ = {isa = PBXFileReference; lastKnownFileType = sourcecode.swift; path = ResultViewController.swift; sourceTree = "<group>"; };
		CF307AE021EFFFAF000DB286 /* ResultSummaryViewController.swift */ = {isa = PBXFileReference; lastKnownFileType = sourcecode.swift; path = ResultSummaryViewController.swift; sourceTree = "<group>"; };
		CF307B5821F25259000DB286 /* ResultTextDataViewController.swift */ = {isa = PBXFileReference; lastKnownFileType = sourcecode.swift; path = ResultTextDataViewController.swift; sourceTree = "<group>"; };
		CF307B5D21F25773000DB286 /* ResultContainerViewController.swift */ = {isa = PBXFileReference; lastKnownFileType = sourcecode.swift; path = ResultContainerViewController.swift; sourceTree = "<group>"; };
		CFEBF16C21750D6A00646823 /* PALIDIN.app */ = {isa = PBXFileReference; explicitFileType = wrapper.application; includeInIndex = 0; path = PALIDIN.app; sourceTree = BUILT_PRODUCTS_DIR; };
		CFEBF16F21750D6A00646823 /* AppDelegate.swift */ = {isa = PBXFileReference; lastKnownFileType = sourcecode.swift; path = AppDelegate.swift; sourceTree = "<group>"; };
		CFEBF17121750D6B00646823 /* DocReaderMainViewController.swift */ = {isa = PBXFileReference; lastKnownFileType = sourcecode.swift; path = DocReaderMainViewController.swift; sourceTree = "<group>"; };
		CFEBF17621750D9300646823 /* Assets.xcassets */ = {isa = PBXFileReference; lastKnownFileType = folder.assetcatalog; path = Assets.xcassets; sourceTree = "<group>"; };
		CFEBF17B21750D9400646823 /* Info.plist */ = {isa = PBXFileReference; lastKnownFileType = text.plist.xml; path = Info.plist; sourceTree = "<group>"; };
		CFF0AE6C22384C9E00D32982 /* DocReaderDispatchViewController.swift */ = {isa = PBXFileReference; fileEncoding = 4; lastKnownFileType = sourcecode.swift; path = DocReaderDispatchViewController.swift; sourceTree = "<group>"; };
		CFF0AE6E22384C9E00D32982 /* DocReaderViewController.xib */ = {isa = PBXFileReference; fileEncoding = 4; lastKnownFileType = file.xib; path = DocReaderViewController.xib; sourceTree = "<group>"; };
		CFF0AE7022384C9E00D32982 /* DocReaderViewController.swift */ = {isa = PBXFileReference; fileEncoding = 4; lastKnownFileType = sourcecode.swift; path = DocReaderViewController.swift; sourceTree = "<group>"; };
		CFF0AE7D223869B400D32982 /* PassiveFaceLivenessManagerViewController.swift */ = {isa = PBXFileReference; fileEncoding = 4; lastKnownFileType = sourcecode.swift; path = PassiveFaceLivenessManagerViewController.swift; sourceTree = "<group>"; };
		CFF0AE842239537100D32982 /* PassiveFaceLivenessHelpers.swift */ = {isa = PBXFileReference; fileEncoding = 4; lastKnownFileType = sourcecode.swift; path = PassiveFaceLivenessHelpers.swift; sourceTree = "<group>"; };
		E9FE9B4921F6250D002AD5D3 /* DocumentFieldTypeCellTableViewCell.swift */ = {isa = PBXFileReference; lastKnownFileType = sourcecode.swift; path = DocumentFieldTypeCellTableViewCell.swift; sourceTree = "<group>"; };
/* End PBXFileReference section */

/* Begin PBXFrameworksBuildPhase section */
		CFEBF16921750D6A00646823 /* Frameworks */ = {
			isa = PBXFrameworksBuildPhase;
			buildActionMask = 2147483647;
			files = (
				9B7692682368D98E0075667C /* PassiveFaceLivenessSDK.framework in Frameworks */,
				9B7692632368D9850075667C /* DocumentReaderCore.framework in Frameworks */,
				9B76925F2368D9850075667C /* DocumentReader.framework in Frameworks */,
				9B7692652368D9850075667C /* FaceLiveness.framework in Frameworks */,
				9B7692612368D9850075667C /* XLPagerTabStrip.framework in Frameworks */,
			);
			runOnlyForDeploymentPostprocessing = 0;
		};
/* End PBXFrameworksBuildPhase section */

/* Begin PBXGroup section */
		CF307B5C21F2526D000DB286 /* Result */ = {
			isa = PBXGroup;
			children = (
				CF307B5D21F25773000DB286 /* ResultContainerViewController.swift */,
				CF307AC321EFD4BD000DB286 /* ResultViewController.swift */,
				CF307AE021EFFFAF000DB286 /* ResultSummaryViewController.swift */,
				CF307B5821F25259000DB286 /* ResultTextDataViewController.swift */,
				E9FE9B4921F6250D002AD5D3 /* DocumentFieldTypeCellTableViewCell.swift */,
			);
			path = Result;
			sourceTree = "<group>";
		};
		CFEBF16321750D6A00646823 = {
			isa = PBXGroup;
			children = (
				9B7692672368D98E0075667C /* PassiveFaceLivenessSDK.framework */,
				9B76925B2368D9850075667C /* DocumentReader.framework */,
				9B76925D2368D9850075667C /* DocumentReaderCore.framework */,
				9B76925E2368D9850075667C /* FaceLiveness.framework */,
				9B76925C2368D9850075667C /* XLPagerTabStrip.framework */,
				CFEBF16E21750D6A00646823 /* PALIDIN */,
				CFEBF16D21750D6A00646823 /* Products */,
			);
			sourceTree = "<group>";
		};
		CFEBF16D21750D6A00646823 /* Products */ = {
			isa = PBXGroup;
			children = (
				CFEBF16C21750D6A00646823 /* PALIDIN.app */,
			);
			name = Products;
			sourceTree = "<group>";
		};
		CFEBF16E21750D6A00646823 /* PALIDIN */ = {
			isa = PBXGroup;
			children = (
				CFF0AE782238645600D32982 /* Liveness */,
				CFF0AE6922384A6900D32982 /* DocumentScan */,
				CF307B5C21F2526D000DB286 /* Result */,
				CFEBF19521753BD200646823 /* Common */,
				CFEBF1902175390100646823 /* Beans */,
				CFEBF16F21750D6A00646823 /* AppDelegate.swift */,
				9BE456E52368ABD3004093A7 /* screenLogo.png */,
				9BDD87052369D4E100AE3903 /* titleLogo.png */,
				CFEBF17121750D6B00646823 /* DocReaderMainViewController.swift */,
				CFF0AE6C22384C9E00D32982 /* DocReaderDispatchViewController.swift */,
				9B9FD2EF235B732C004BA90D /* Main.storyboard */,
				CFEBF17621750D9300646823 /* Assets.xcassets */,
				CFEBF17B21750D9400646823 /* Info.plist */,
				9B256F382354E09200565AFC /* Launch.storyboard */,
				9BDD87072369E38300AE3903 /* CountDownViewController.swift */,
				9BDD87092369FD2700AE3903 /* DocConfirmViewController.swift */,
			);
			path = PALIDIN;
			sourceTree = "<group>";
		};
		CFEBF1902175390100646823 /* Beans */ = {
			isa = PBXGroup;
			children = (
				9B9FD2D6235B70DE004BA90D /* AuthenticationResult.swift */,
				9B9FD2D2235B70DC004BA90D /* BiometricsAuthenticationResult.swift */,
				9B9FD2D4235B70DD004BA90D /* BiometricsInfo.swift */,
				9B9FD2D0235B70DA004BA90D /* BiospMessage.swift */,
				9B9FD2DE235B70E3004BA90D /* DocAndBiometricsCapturedMessage.swift */,
				9B9FD2DD235B70E3004BA90D /* DocumentAuthenticationRequest.swift */,
				9B9FD2D8235B70DF004BA90D /* DocumentAuthenticationResponse.swift */,
				9B9FD2D7235B70DF004BA90D /* DocumentAuthenticationResult.swift */,
				9B9FD2DB235B70E1004BA90D /* DocumentImage.swift */,
				9B9FD2DC235B70E2004BA90D /* DocumentsInfo.swift */,
				9B9FD2D3235B70DC004BA90D /* FacialImage.swift */,
				9B9FD2CF235B70DA004BA90D /* FieldComparisonResult.swift */,
				9B9FD2D5235B70DD004BA90D /* FieldResult.swift */,
				9B9FD2D9235B70E0004BA90D /* FieldType.swift */,
				9B9FD2D1235B70DB004BA90D /* FieldValidationResult.swift */,
				9B9FD2DA235B70E1004BA90D /* Modality.swift */,
			);
			path = Beans;
			sourceTree = "<group>";
		};
		CFEBF19521753BD200646823 /* Common */ = {
			isa = PBXGroup;
			children = (
				9B9FD2C9235B7094004BA90D /* CommonUtils.swift */,
				9B9FD2CB235B70AF004BA90D /* AuthenticationConnectionHandler.swift */,
				9B9FD2CD235B70C1004BA90D /* CommonConstants.swift */,
			);
			path = Common;
			sourceTree = "<group>";
		};
		CFF0AE6922384A6900D32982 /* DocumentScan */ = {
			isa = PBXGroup;
			children = (
				CF307AB121ED385B000DB286 /* regula.license */,
				CFF0AE7022384C9E00D32982 /* DocReaderViewController.swift */,
				CFF0AE6E22384C9E00D32982 /* DocReaderViewController.xib */,
			);
			path = DocumentScan;
			sourceTree = "<group>";
		};
		CFF0AE782238645600D32982 /* Liveness */ = {
			isa = PBXGroup;
			children = (
				CFF0AE842239537100D32982 /* PassiveFaceLivenessHelpers.swift */,
				CFF0AE7D223869B400D32982 /* PassiveFaceLivenessManagerViewController.swift */,
			);
			path = Liveness;
			sourceTree = "<group>";
		};
/* End PBXGroup section */

/* Begin PBXNativeTarget section */
		CFEBF16B21750D6A00646823 /* PALIDIN */ = {
			isa = PBXNativeTarget;
			buildConfigurationList = CFEBF17E21750D9400646823 /* Build configuration list for PBXNativeTarget "PALIDIN" */;
			buildPhases = (
				CFEBF16821750D6A00646823 /* Sources */,
				CFEBF16921750D6A00646823 /* Frameworks */,
				CFEBF16A21750D6A00646823 /* Resources */,
				CF307BA52202410D000DB286 /* ShellScript */,
				9B76924B2368D8510075667C /* Embed Frameworks */,
			);
			buildRules = (
			);
			dependencies = (
			);
			name = PALIDIN;
			productName = AwDocReaderDemo;
			productReference = CFEBF16C21750D6A00646823 /* PALIDIN.app */;
			productType = "com.apple.product-type.application";
		};
/* End PBXNativeTarget section */

/* Begin PBXProject section */
		CFEBF16421750D6A00646823 /* Project object */ = {
			isa = PBXProject;
			attributes = {
				LastSwiftUpdateCheck = 1000;
				LastUpgradeCheck = 1000;
				ORGANIZATIONNAME = aware;
				TargetAttributes = {
					CFEBF16B21750D6A00646823 = {
						CreatedOnToolsVersion = 10.0;
					};
				};
			};
			buildConfigurationList = CFEBF16721750D6A00646823 /* Build configuration list for PBXProject "PALIDIN" */;
			compatibilityVersion = "Xcode 9.3";
			developmentRegion = en;
			hasScannedForEncodings = 0;
			knownRegions = (
				en,
				Base,
			);
			mainGroup = CFEBF16321750D6A00646823;
			productRefGroup = CFEBF16D21750D6A00646823 /* Products */;
			projectDirPath = "";
			projectRoot = "";
			targets = (
				CFEBF16B21750D6A00646823 /* PALIDIN */,
			);
		};
/* End PBXProject section */

/* Begin PBXResourcesBuildPhase section */
		CFEBF16A21750D6A00646823 /* Resources */ = {
			isa = PBXResourcesBuildPhase;
			buildActionMask = 2147483647;
			files = (
				9BDD87062369D4E100AE3903 /* titleLogo.png in Resources */,
				CFEBF17721750D9300646823 /* Assets.xcassets in Resources */,
				9B9FD2F0235B732C004BA90D /* Main.storyboard in Resources */,
				9BE456E62368ABD4004093A7 /* screenLogo.png in Resources */,
				CFF0AE7422384C9E00D32982 /* DocReaderViewController.xib in Resources */,
				CF307AB221ED385B000DB286 /* regula.license in Resources */,
				9B256F392354E09200565AFC /* Launch.storyboard in Resources */,
			);
			runOnlyForDeploymentPostprocessing = 0;
		};
/* End PBXResourcesBuildPhase section */

/* Begin PBXShellScriptBuildPhase section */
		CF307BA52202410D000DB286 /* ShellScript */ = {
			isa = PBXShellScriptBuildPhase;
			buildActionMask = 2147483647;
			files = (
			);
			inputFileListPaths = (
			);
			inputPaths = (
			);
			outputFileListPaths = (
			);
			outputPaths = (
			);
			runOnlyForDeploymentPostprocessing = 0;
			shellPath = /bin/sh;
			shellScript = "APP_PATH=\"${TARGET_BUILD_DIR}/${WRAPPER_NAME}\"\n\nfind \"$APP_PATH\" -name '*.framework' -type d | while read -r FRAMEWORK\ndo\nFRAMEWORK_EXECUTABLE_NAME=$(defaults read \"$FRAMEWORK/Info.plist\" CFBundleExecutable)\nFRAMEWORK_EXECUTABLE_PATH=\"$FRAMEWORK/$FRAMEWORK_EXECUTABLE_NAME\"\necho \"Executable is $FRAMEWORK_EXECUTABLE_PATH\"\necho $(lipo -info \"$FRAMEWORK_EXECUTABLE_PATH\")\n\nFRAMEWORK_TMP_PATH=\"$FRAMEWORK_EXECUTABLE_PATH-tmp\"\n\n# remove simulator's archs if location is not simulator's directory\ncase \"${TARGET_BUILD_DIR}\" in\n*\"iphonesimulator\")\necho \"No need to remove archs\"\n;;\n*)\nif $(lipo \"$FRAMEWORK_EXECUTABLE_PATH\" -verify_arch \"i386\") ; then\nlipo -output \"$FRAMEWORK_TMP_PATH\" -remove \"i386\" \"$FRAMEWORK_EXECUTABLE_PATH\"\necho \"i386 architecture removed\"\nrm \"$FRAMEWORK_EXECUTABLE_PATH\"\nmv \"$FRAMEWORK_TMP_PATH\" \"$FRAMEWORK_EXECUTABLE_PATH\"\nfi\nif $(lipo \"$FRAMEWORK_EXECUTABLE_PATH\" -verify_arch \"x86_64\") ; then\nlipo -output \"$FRAMEWORK_TMP_PATH\" -remove \"x86_64\" \"$FRAMEWORK_EXECUTABLE_PATH\"\necho \"x86_64 architecture removed\"\nrm \"$FRAMEWORK_EXECUTABLE_PATH\"\nmv \"$FRAMEWORK_TMP_PATH\" \"$FRAMEWORK_EXECUTABLE_PATH\"\nfi\nif $(lipo \"$FRAMEWORK_EXECUTABLE_PATH\" -verify_arch \"armv7\") ; then\nlipo -output \"$FRAMEWORK_TMP_PATH\" -remove \"armv7\" \"$FRAMEWORK_EXECUTABLE_PATH\"\necho \"x86_64 architecture removed\"\nrm \"$FRAMEWORK_EXECUTABLE_PATH\"\nmv \"$FRAMEWORK_TMP_PATH\" \"$FRAMEWORK_EXECUTABLE_PATH\"\nfi\n;;\nesac\n\necho \"Completed for executable $FRAMEWORK_EXECUTABLE_PATH\"\necho $(lipo -info \"$FRAMEWORK_EXECUTABLE_PATH\")\n\ndone\n";
		};
/* End PBXShellScriptBuildPhase section */

/* Begin PBXSourcesBuildPhase section */
		CFEBF16821750D6A00646823 /* Sources */ = {
			isa = PBXSourcesBuildPhase;
			buildActionMask = 2147483647;
			files = (
				9B9FD2E4235B70E3004BA90D /* BiometricsInfo.swift in Sources */,
				9B9FD2E5235B70E3004BA90D /* FieldResult.swift in Sources */,
				9B9FD2ED235B70E3004BA90D /* DocumentAuthenticationRequest.swift in Sources */,
				CFEBF17221750D6B00646823 /* DocReaderMainViewController.swift in Sources */,
				CFEBF17021750D6A00646823 /* AppDelegate.swift in Sources */,
				9B9FD2EE235B70E3004BA90D /* DocAndBiometricsCapturedMessage.swift in Sources */,
				9B9FD2E1235B70E3004BA90D /* FieldValidationResult.swift in Sources */,
				9B9FD2E8235B70E3004BA90D /* DocumentAuthenticationResponse.swift in Sources */,
				9B9FD2E2235B70E3004BA90D /* BiometricsAuthenticationResult.swift in Sources */,
				9BDD87082369E38300AE3903 /* CountDownViewController.swift in Sources */,
				CFF0AE7622384C9E00D32982 /* DocReaderViewController.swift in Sources */,
				CF307AC421EFD4BD000DB286 /* ResultViewController.swift in Sources */,
				CFF0AE80223869B400D32982 /* PassiveFaceLivenessManagerViewController.swift in Sources */,
				CF307AE121EFFFAF000DB286 /* ResultSummaryViewController.swift in Sources */,
				9B9FD2E9235B70E3004BA90D /* FieldType.swift in Sources */,
				9B9FD2EC235B70E3004BA90D /* DocumentsInfo.swift in Sources */,
				9B9FD2CA235B7094004BA90D /* CommonUtils.swift in Sources */,
				9B9FD2DF235B70E3004BA90D /* FieldComparisonResult.swift in Sources */,
				9B9FD2E3235B70E3004BA90D /* FacialImage.swift in Sources */,
				9B9FD2CC235B70AF004BA90D /* AuthenticationConnectionHandler.swift in Sources */,
				9B9FD2CE235B70C1004BA90D /* CommonConstants.swift in Sources */,
				CFF0AE7222384C9E00D32982 /* DocReaderDispatchViewController.swift in Sources */,
				9B9FD2E6235B70E3004BA90D /* AuthenticationResult.swift in Sources */,
				CFF0AE852239537100D32982 /* PassiveFaceLivenessHelpers.swift in Sources */,
				9B9FD2EA235B70E3004BA90D /* Modality.swift in Sources */,
				CF307B5E21F25773000DB286 /* ResultContainerViewController.swift in Sources */,
				9BDD870A2369FD2700AE3903 /* DocConfirmViewController.swift in Sources */,
				9B9FD2E7235B70E3004BA90D /* DocumentAuthenticationResult.swift in Sources */,
				CF307B5921F25259000DB286 /* ResultTextDataViewController.swift in Sources */,
				E9FE9B4A21F6250D002AD5D3 /* DocumentFieldTypeCellTableViewCell.swift in Sources */,
				9B9FD2E0235B70E3004BA90D /* BiospMessage.swift in Sources */,
				9B9FD2EB235B70E3004BA90D /* DocumentImage.swift in Sources */,
			);
			runOnlyForDeploymentPostprocessing = 0;
		};
/* End PBXSourcesBuildPhase section */

/* Begin XCBuildConfiguration section */
		CFEBF17C21750D9400646823 /* Debug */ = {
			isa = XCBuildConfiguration;
			buildSettings = {
				ALWAYS_SEARCH_USER_PATHS = NO;
				CLANG_ANALYZER_NONNULL = YES;
				CLANG_ANALYZER_NUMBER_OBJECT_CONVERSION = YES_AGGRESSIVE;
				CLANG_CXX_LANGUAGE_STANDARD = "gnu++14";
				CLANG_CXX_LIBRARY = "libc++";
				CLANG_ENABLE_MODULES = YES;
				CLANG_ENABLE_OBJC_ARC = YES;
				CLANG_ENABLE_OBJC_WEAK = YES;
				CLANG_WARN_BLOCK_CAPTURE_AUTORELEASING = YES;
				CLANG_WARN_BOOL_CONVERSION = YES;
				CLANG_WARN_COMMA = YES;
				CLANG_WARN_CONSTANT_CONVERSION = YES;
				CLANG_WARN_DEPRECATED_OBJC_IMPLEMENTATIONS = YES;
				CLANG_WARN_DIRECT_OBJC_ISA_USAGE = YES_ERROR;
				CLANG_WARN_DOCUMENTATION_COMMENTS = YES;
				CLANG_WARN_EMPTY_BODY = YES;
				CLANG_WARN_ENUM_CONVERSION = YES;
				CLANG_WARN_INFINITE_RECURSION = YES;
				CLANG_WARN_INT_CONVERSION = YES;
				CLANG_WARN_NON_LITERAL_NULL_CONVERSION = YES;
				CLANG_WARN_OBJC_IMPLICIT_RETAIN_SELF = YES;
				CLANG_WARN_OBJC_LITERAL_CONVERSION = YES;
				CLANG_WARN_OBJC_ROOT_CLASS = YES_ERROR;
				CLANG_WARN_RANGE_LOOP_ANALYSIS = YES;
				CLANG_WARN_STRICT_PROTOTYPES = YES;
				CLANG_WARN_SUSPICIOUS_MOVE = YES;
				CLANG_WARN_UNGUARDED_AVAILABILITY = YES_AGGRESSIVE;
				CLANG_WARN_UNREACHABLE_CODE = YES;
				CLANG_WARN__DUPLICATE_METHOD_MATCH = YES;
				CODE_SIGN_IDENTITY = "iPhone Developer";
				COPY_PHASE_STRIP = NO;
				DEBUG_INFORMATION_FORMAT = dwarf;
				ENABLE_STRICT_OBJC_MSGSEND = YES;
				ENABLE_TESTABILITY = YES;
				GCC_C_LANGUAGE_STANDARD = gnu11;
				GCC_DYNAMIC_NO_PIC = NO;
				GCC_NO_COMMON_BLOCKS = YES;
				GCC_OPTIMIZATION_LEVEL = 0;
				GCC_PREPROCESSOR_DEFINITIONS = (
					"DEBUG=1",
					"$(inherited)",
				);
				GCC_WARN_64_TO_32_BIT_CONVERSION = YES;
				GCC_WARN_ABOUT_RETURN_TYPE = YES_ERROR;
				GCC_WARN_UNDECLARED_SELECTOR = YES;
				GCC_WARN_UNINITIALIZED_AUTOS = YES_AGGRESSIVE;
				GCC_WARN_UNUSED_FUNCTION = YES;
				GCC_WARN_UNUSED_VARIABLE = YES;
				IPHONEOS_DEPLOYMENT_TARGET = 12.0;
				MTL_ENABLE_DEBUG_INFO = INCLUDE_SOURCE;
				MTL_FAST_MATH = YES;
				ONLY_ACTIVE_ARCH = YES;
				SDKROOT = iphoneos;
				SWIFT_ACTIVE_COMPILATION_CONDITIONS = DEBUG;
				SWIFT_OPTIMIZATION_LEVEL = "-Onone";
			};
			name = Debug;
		};
		CFEBF17D21750D9400646823 /* Release */ = {
			isa = XCBuildConfiguration;
			buildSettings = {
				ALWAYS_SEARCH_USER_PATHS = NO;
				CLANG_ANALYZER_NONNULL = YES;
				CLANG_ANALYZER_NUMBER_OBJECT_CONVERSION = YES_AGGRESSIVE;
				CLANG_CXX_LANGUAGE_STANDARD = "gnu++14";
				CLANG_CXX_LIBRARY = "libc++";
				CLANG_ENABLE_MODULES = YES;
				CLANG_ENABLE_OBJC_ARC = YES;
				CLANG_ENABLE_OBJC_WEAK = YES;
				CLANG_WARN_BLOCK_CAPTURE_AUTORELEASING = YES;
				CLANG_WARN_BOOL_CONVERSION = YES;
				CLANG_WARN_COMMA = YES;
				CLANG_WARN_CONSTANT_CONVERSION = YES;
				CLANG_WARN_DEPRECATED_OBJC_IMPLEMENTATIONS = YES;
				CLANG_WARN_DIRECT_OBJC_ISA_USAGE = YES_ERROR;
				CLANG_WARN_DOCUMENTATION_COMMENTS = YES;
				CLANG_WARN_EMPTY_BODY = YES;
				CLANG_WARN_ENUM_CONVERSION = YES;
				CLANG_WARN_INFINITE_RECURSION = YES;
				CLANG_WARN_INT_CONVERSION = YES;
				CLANG_WARN_NON_LITERAL_NULL_CONVERSION = YES;
				CLANG_WARN_OBJC_IMPLICIT_RETAIN_SELF = YES;
				CLANG_WARN_OBJC_LITERAL_CONVERSION = YES;
				CLANG_WARN_OBJC_ROOT_CLASS = YES_ERROR;
				CLANG_WARN_RANGE_LOOP_ANALYSIS = YES;
				CLANG_WARN_STRICT_PROTOTYPES = YES;
				CLANG_WARN_SUSPICIOUS_MOVE = YES;
				CLANG_WARN_UNGUARDED_AVAILABILITY = YES_AGGRESSIVE;
				CLANG_WARN_UNREACHABLE_CODE = YES;
				CLANG_WARN__DUPLICATE_METHOD_MATCH = YES;
				CODE_SIGN_IDENTITY = "iPhone Developer";
				COPY_PHASE_STRIP = NO;
				DEBUG_INFORMATION_FORMAT = "dwarf-with-dsym";
				ENABLE_NS_ASSERTIONS = NO;
				ENABLE_STRICT_OBJC_MSGSEND = YES;
				GCC_C_LANGUAGE_STANDARD = gnu11;
				GCC_NO_COMMON_BLOCKS = YES;
				GCC_WARN_64_TO_32_BIT_CONVERSION = YES;
				GCC_WARN_ABOUT_RETURN_TYPE = YES_ERROR;
				GCC_WARN_UNDECLARED_SELECTOR = YES;
				GCC_WARN_UNINITIALIZED_AUTOS = YES_AGGRESSIVE;
				GCC_WARN_UNUSED_FUNCTION = YES;
				GCC_WARN_UNUSED_VARIABLE = YES;
				IPHONEOS_DEPLOYMENT_TARGET = 12.0;
				MTL_ENABLE_DEBUG_INFO = NO;
				MTL_FAST_MATH = YES;
				SDKROOT = iphoneos;
				SWIFT_COMPILATION_MODE = wholemodule;
				SWIFT_OPTIMIZATION_LEVEL = "-O";
				VALIDATE_PRODUCT = YES;
			};
			name = Release;
		};
		CFEBF17F21750D9400646823 /* Debug */ = {
			isa = XCBuildConfiguration;
			buildSettings = {
				ASSETCATALOG_COMPILER_APPICON_NAME = AppIcon;
				CODE_SIGN_STYLE = Automatic;
				DEVELOPMENT_TEAM = 6Y57QV4NW5;
				ENABLE_BITCODE = NO;
				FRAMEWORK_SEARCH_PATHS = (
					"$(PROJECT_DIR)/frameworks/**",
					"$(PROJECT_DIR)/frameworks",
				);
				GCC_PREPROCESSOR_DEFINITIONS = (
					"DEBUG=1",
					"$(inherited)",
					__IOS__,
				);
				INFOPLIST_FILE = "$(SRCROOT)/PALIDIN/Info.plist";
				IPHONEOS_DEPLOYMENT_TARGET = 11.0;
				LD_RUNPATH_SEARCH_PATHS = (
					"$(inherited)",
					"@executable_path/Frameworks",
				);
				ONLY_ACTIVE_ARCH = YES;
				PRODUCT_BUNDLE_IDENTIFIER = com.fraudfighter.paladin.m;
				PRODUCT_NAME = "$(TARGET_NAME)";
				SWIFT_VERSION = 4.2;
				TARGETED_DEVICE_FAMILY = "1,2";
				VALID_ARCHS = arm64;
			};
			name = Debug;
		};
		CFEBF18021750D9400646823 /* Release */ = {
			isa = XCBuildConfiguration;
			buildSettings = {
				ASSETCATALOG_COMPILER_APPICON_NAME = AppIcon;
				CODE_SIGN_STYLE = Automatic;
				DEVELOPMENT_TEAM = 6Y57QV4NW5;
				ENABLE_BITCODE = NO;
				FRAMEWORK_SEARCH_PATHS = (
					"$(PROJECT_DIR)/frameworks/**",
					"$(PROJECT_DIR)/frameworks",
				);
				GCC_PREPROCESSOR_DEFINITIONS = __IOS__;
				INFOPLIST_FILE = "$(SRCROOT)/PALIDIN/Info.plist";
				IPHONEOS_DEPLOYMENT_TARGET = 11.0;
				LD_RUNPATH_SEARCH_PATHS = (
					"$(inherited)",
					"@executable_path/Frameworks",
				);
				ONLY_ACTIVE_ARCH = YES;
				PRODUCT_BUNDLE_IDENTIFIER = com.fraudfighter.paladin.m;
				PRODUCT_NAME = "$(TARGET_NAME)";
				SWIFT_VERSION = 4.2;
				TARGETED_DEVICE_FAMILY = "1,2";
				VALID_ARCHS = arm64;
			};
			name = Release;
		};
/* End XCBuildConfiguration section */

/* Begin XCConfigurationList section */
		CFEBF16721750D6A00646823 /* Build configuration list for PBXProject "PALIDIN" */ = {
			isa = XCConfigurationList;
			buildConfigurations = (
				CFEBF17C21750D9400646823 /* Debug */,
				CFEBF17D21750D9400646823 /* Release */,
			);
			defaultConfigurationIsVisible = 0;
			defaultConfigurationName = Release;
		};
		CFEBF17E21750D9400646823 /* Build configuration list for PBXNativeTarget "PALIDIN" */ = {
			isa = XCConfigurationList;
			buildConfigurations = (
				CFEBF17F21750D9400646823 /* Debug */,
				CFEBF18021750D9400646823 /* Release */,
			);
			defaultConfigurationIsVisible = 0;
			defaultConfigurationName = Release;
		};
/* End XCConfigurationList section */
	};
	rootObject = CFEBF16421750D6A00646823 /* Project object */;
}
